{"is_source_file": true, "file_id": 24, "git_revision": "7981368d110b63ac688d1d765e2d92fe3e319dd0", "state": 1, "description": "", "external_files": [], "external_methods": [], "published": [], "classes": [], "methods": [], "calls": [], "search-terms": [], "filename": "/home/kavia/workspace/code-generation/intellichat-nexus-94514-94520/main_container_for_intelli_chat_nexus/post_process_status.lock", "hash": "e9b4c3b42cef0193b7fddb548d37e652", "format-version": 4, "code-base-name": "default", "knowledge_revision": 49}